codeberg.org/gruf/go-atomics v1.1.0 h1:ni9QXYoRUFYQMXE3akWaUb1wMcPBDc05Md6Rgml7W58=
codeberg.org/gruf/go-atomics v1.1.0/go.mod h1:a/4/y/LgvjxjQVnpoy1VVkOSzLS1W9i1g4SJ0nflAa4=
codeberg.org/gruf/go-byteutil v1.0.2 h1:OesVyK5VKWeWdeDR00zRJ+Oy8hjXx1pBhn7WVvcZWVE=
codeberg.org/gruf/go-byteutil v1.0.2/go.mod h1:cWM3tgMCroSzqoBXUXMhvxTxYJp+TbCr6ioISRY5vSU=
codeberg.org/gruf/go-errors/v2 v2.0.0/go.mod h1:ZRhbdhvgoUA3Yw6e56kd9Ox984RrvbEFC2pOXyHDJP4=
codeberg.org/gruf/go-runners v1.3.0 h1:ZhJ3pFivyZgM/JfKTIc312rI/XUiIfLheDB1mFPRTEk=
codeberg.org/gruf/go-runners v1.3.0/go.mod h1:rl0EdZNozkRMb21DAtOL5L4oTfmslYQdZgq2RMMc/H4=
codeberg.org/gruf/go-sched v1.1.1 h1:YtLSQhpypzuD3HTup5oF7LLWB79gTL4nqW06kH4Vwks=
codeberg.org/gruf/go-sched v1.1.1/go.mod h1:SRcdP/5qim+EBT3n3r4aUra1C30yPqV4OJOXuqvgdQM=
github.com/alphadose/haxmap v0.3.1 h1:P02INS0xIwY0R3E+KRJTPtrlwTvRPYoU2GgoeRk2KbU=
github.com/alphadose/haxmap v0.3.1/go.mod h1:Fu37Wlmj7cR++vSLgRTu3fGy8wpjHGmMypM2aclkc1A=
github.com/google/go-cmp v0.5.8 h1:e6P7q2lk1O+qJJb4BtCQXlK8vWEO8V1ZeuEdJNOqZyg=
github.com/google/go-cmp v0.5.8/go.mod h1:17dUlkBOakJ0+DkrSSNjCkIjxS6bF9zb3elmeNGIjoY=
