codeberg.org/gruf/go-byteutil v1.2.0 h1:YoxkpUOoHS82BcPXfiIcWLe/YhS8QhpNUHdfuhN09QM=
codeberg.org/gruf/go-byteutil v1.2.0/go.mod h1:cWM3tgMCroSzqoBXUXMhvxTxYJp+TbCr6ioISRY5vSU=
codeberg.org/gruf/go-errors/v2 v2.3.2 h1:8ItWaOMfhDaqrJK1Pw8MO0Nu+o/tVcQtR5cJ58Vc4zo=
codeberg.org/gruf/go-errors/v2 v2.3.2/go.mod h1:LfzD9nkAAJpEDbkUqOZQ2jdaQ8VrK0pnR36zLOMFq6Y=
codeberg.org/gruf/go-kv v1.6.5 h1:ttPf0NA8F79pDqBttSudPTVCZmGncumeNIxmeM9ztz0=
codeberg.org/gruf/go-kv v1.6.5/go.mod h1:c4PsGqw05bDScvISpK+d31SiDEpBorweCL50hsiK3dc=
codeberg.org/gruf/go-maps v1.0.4 h1:K+Ww4vvR3TZqm5jqrKVirmguZwa3v1VUvmig2SE8uxY=
codeberg.org/gruf/go-maps v1.0.4/go.mod h1:ASX7osM7kFwt5O8GfGflcFjrwYGD8eIuRLl/oMjhEi8=
codeberg.org/gruf/go-runners v1.6.3 h1:To/AX7eTrWuXrTkA3RA01YTP5zha1VZ68LQ+0D4RY7E=
codeberg.org/gruf/go-runners v1.6.3/go.mod h1:oXAaUmG2VxoKttpCqZGv5nQBeSvZSR2BzIk7h1yTRlU=
codeberg.org/gruf/go-sched v1.2.4 h1:ddBB9o0D/2oU8NbQ0ldN5aWxogpXPRBATWi58+p++Hw=
codeberg.org/gruf/go-sched v1.2.4/go.mod h1:wad6l+OcYGWMA2TzNLMmLObsrbBDxdJfEy5WvTgBjNk=
github.com/cespare/xxhash/v2 v2.1.2 h1:YRXhKfTDauu4ajMg1TPgFO5jnlC2HCbmLXMcTG5cbYE=
github.com/cespare/xxhash/v2 v2.1.2/go.mod h1:VGX0DQ3Q6kWi7AoAeZDth3/j3BFtOZR5XLFGgcrjCOs=
github.com/dgryski/go-rendezvous v0.0.0-20200823014737-9f7001d12a5f h1:lO4WD4F/rVNCu3HqELle0jiPLLBs70cWOduZpkS1E78=
github.com/dgryski/go-rendezvous v0.0.0-20200823014737-9f7001d12a5f/go.mod h1:cuUVRXasLTGF7a8hSLbxyZXjz+1KgoB3wDUb6vlszIc=
github.com/go-redis/redis/v8 v8.11.5 h1:AcZZR7igkdvfVmQTPnu9WE37LRrO/YrBH5zWyjDC0oI=
github.com/go-redis/redis/v8 v8.11.5/go.mod h1:gREzHqY1hg6oD9ngVRbLStwAWKhA0FEgq8Jd4h5lpwo=
github.com/google/go-cmp v0.6.0 h1:ofyhxvXcZhMsU5ulbFiLKl/XBFqE1GSq7atu8tAmTRI=
github.com/google/go-cmp v0.6.0/go.mod h1:17dUlkBOakJ0+DkrSSNjCkIjxS6bF9zb3elmeNGIjoY=
